// !$*UTF8*$!
{
	archiveVersion = 1;
	classes = {
	};
	objectVersion = 50;
	objects = {

/* Begin PBXBuildFile section */
		EAAC656725CA4DF70065A360 /* AppDelegate.swift in Sources */ = {isa = PBXBuildFile; fileRef = EAAC656625CA4DF70065A360 /* AppDelegate.swift */; };
		EAAC656B25CA4DF70065A360 /* ViewController.swift in Sources */ = {isa = PBXBuildFile; fileRef = EAAC656A25CA4DF70065A360 /* ViewController.swift */; };
		EAAC656E25CA4DF70065A360 /* Main.storyboard in Resources */ = {isa = PBXBuildFile; fileRef = EAAC656C25CA4DF70065A360 /* Main.storyboard */; };
		EAAC657025CA4DF80065A360 /* Assets.xcassets in Resources */ = {isa = PBXBuildFile; fileRef = EAAC656F25CA4DF80065A360 /* Assets.xcassets */; };
		EAAC657325CA4DF80065A360 /* LaunchScreen.storyboard in Resources */ = {isa = PBXBuildFile; fileRef = EAAC657125CA4DF80065A360 /* LaunchScreen.storyboard */; };
		EABB4DEF25CCE88B00738823 /* FrameRateCalculator.swift in Sources */ = {isa = PBXBuildFile; fileRef = EABB4DEE25CCE88B00738823 /* FrameRateCalculator.swift */; };
/* End PBXBuildFile section */

/* Begin PBXFileReference section */
		EA6B24E825CD0F840060D57A /* README.md */ = {isa = PBXFileReference; lastKnownFileType = net.daringfireball.markdown; path = README.md; sourceTree = "<group>"; };
		EAAC656325CA4DF70065A360 /* BluetoothDeviceSample.app */ = {isa = PBXFileReference; explicitFileType = wrapper.application; includeInIndex = 0; path = BluetoothDeviceSample.app; sourceTree = BUILT_PRODUCTS_DIR; };
		EAAC656625CA4DF70065A360 /* AppDelegate.swift */ = {isa = PBXFileReference; lastKnownFileType = sourcecode.swift; path = AppDelegate.swift; sourceTree = "<group>"; };
		EAAC656A25CA4DF70065A360 /* ViewController.swift */ = {isa = PBXFileReference; lastKnownFileType = sourcecode.swift; path = ViewController.swift; sourceTree = "<group>"; };
		EAAC656D25CA4DF70065A360 /* Base */ = {isa = PBXFileReference; lastKnownFileType = file.storyboard; name = Base; path = Base.lproj/Main.storyboard; sourceTree = "<group>"; };
		EAAC656F25CA4DF80065A360 /* Assets.xcassets */ = {isa = PBXFileReference; lastKnownFileType = folder.assetcatalog; path = Assets.xcassets; sourceTree = "<group>"; };
		EAAC657225CA4DF80065A360 /* Base */ = {isa = PBXFileReference; lastKnownFileType = file.storyboard; name = Base; path = Base.lproj/LaunchScreen.storyboard; sourceTree = "<group>"; };
		EAAC657425CA4DF80065A360 /* Info.plist */ = {isa = PBXFileReference; lastKnownFileType = text.plist.xml; path = Info.plist; sourceTree = "<group>"; };
		EABB4DEE25CCE88B00738823 /* FrameRateCalculator.swift */ = {isa = PBXFileReference; fileEncoding = 4; lastKnownFileType = sourcecode.swift; name = FrameRateCalculator.swift; path = ../Common/Classes/Backends/FrameRateCalculator.swift; sourceTree = "<group>"; };
		EABB4DF025CCE89700738823 /* BluetoothDeviceSample.entitlements */ = {isa = PBXFileReference; lastKnownFileType = text.plist.entitlements; path = BluetoothDeviceSample.entitlements; sourceTree = "<group>"; };
/* End PBXFileReference section */

/* Begin PBXFrameworksBuildPhase section */
		EAAC656025CA4DF70065A360 /* Frameworks */ = {
			isa = PBXFrameworksBuildPhase;
			buildActionMask = 2147483647;
			files = (
			);
			runOnlyForDeploymentPostprocessing = 0;
		};
/* End PBXFrameworksBuildPhase section */

/* Begin PBXGroup section */
		EAAC655A25CA4DF70065A360 = {
			isa = PBXGroup;
			children = (
				EA6B24E825CD0F840060D57A /* README.md */,
				EABB4DEE25CCE88B00738823 /* FrameRateCalculator.swift */,
				EAAC656525CA4DF70065A360 /* BluetoothDeviceSample */,
				EAAC656425CA4DF70065A360 /* Products */,
			);
			sourceTree = "<group>";
		};
		EAAC656425CA4DF70065A360 /* Products */ = {
			isa = PBXGroup;
			children = (
				EAAC656325CA4DF70065A360 /* BluetoothDeviceSample.app */,
			);
			name = Products;
			sourceTree = "<group>";
		};
		EAAC656525CA4DF70065A360 /* BluetoothDeviceSample */ = {
			isa = PBXGroup;
			children = (
				EABB4DF025CCE89700738823 /* BluetoothDeviceSample.entitlements */,
				EAAC657A25CA4E920065A360 /* Classes */,
				EAAC656C25CA4DF70065A360 /* Main.storyboard */,
				EAAC656F25CA4DF80065A360 /* Assets.xcassets */,
				EAAC657125CA4DF80065A360 /* LaunchScreen.storyboard */,
				EAAC657425CA4DF80065A360 /* Info.plist */,
			);
			path = BluetoothDeviceSample;
			sourceTree = "<group>";
		};
		EAAC657A25CA4E920065A360 /* Classes */ = {
			isa = PBXGroup;
			children = (
				EAAC656625CA4DF70065A360 /* AppDelegate.swift */,
				EAAC656A25CA4DF70065A360 /* ViewController.swift */,
			);
			path = Classes;
			sourceTree = "<group>";
		};
/* End PBXGroup section */

/* Begin PBXNativeTarget section */
		EAAC656225CA4DF70065A360 /* BluetoothDeviceSample */ = {
			isa = PBXNativeTarget;
			buildConfigurationList = EAAC657725CA4DF80065A360 /* Build configuration list for PBXNativeTarget "BluetoothDeviceSample" */;
			buildPhases = (
				EAAC655F25CA4DF70065A360 /* Sources */,
				EAAC656025CA4DF70065A360 /* Frameworks */,
				EAAC656125CA4DF70065A360 /* Resources */,
			);
			buildRules = (
			);
			dependencies = (
			);
			name = BluetoothDeviceSample;
			productName = BluetoothDeviceSample;
			productReference = EAAC656325CA4DF70065A360 /* BluetoothDeviceSample.app */;
			productType = "com.apple.product-type.application";
		};
/* End PBXNativeTarget section */

/* Begin PBXProject section */
		EAAC655B25CA4DF70065A360 /* Project object */ = {
			isa = PBXProject;
			attributes = {
				LastSwiftUpdateCheck = 1130;
				LastUpgradeCheck = 1130;
				ORGANIZATIONNAME = "aptpod, Inc.";
				TargetAttributes = {
					EAAC656225CA4DF70065A360 = {
						CreatedOnToolsVersion = 11.3.1;
					};
				};
			};
			buildConfigurationList = EAAC655E25CA4DF70065A360 /* Build configuration list for PBXProject "BluetoothDeviceSample" */;
			compatibilityVersion = "Xcode 9.3";
			developmentRegion = en;
			hasScannedForEncodings = 0;
			knownRegions = (
				en,
				Base,
			);
			mainGroup = EAAC655A25CA4DF70065A360;
			productRefGroup = EAAC656425CA4DF70065A360 /* Products */;
			projectDirPath = "";
			projectRoot = "";
			targets = (
				EAAC656225CA4DF70065A360 /* BluetoothDeviceSample */,
			);
		};
/* End PBXProject section */

/* Begin PBXResourcesBuildPhase section */
		EAAC656125CA4DF70065A360 /* Resources */ = {
			isa = PBXResourcesBuildPhase;
			buildActionMask = 2147483647;
			files = (
				EAAC657325CA4DF80065A360 /* LaunchScreen.storyboard in Resources */,
				EAAC657025CA4DF80065A360 /* Assets.xcassets in Resources */,
				EAAC656E25CA4DF70065A360 /* Main.storyboard in Resources */,
			);
			runOnlyForDeploymentPostprocessing = 0;
		};
/* End PBXResourcesBuildPhase section */

/* Begin PBXSourcesBuildPhase section */
		EAAC655F25CA4DF70065A360 /* Sources */ = {
			isa = PBXSourcesBuildPhase;
			buildActionMask = 2147483647;
			files = (
				EABB4DEF25CCE88B00738823 /* FrameRateCalculator.swift in Sources */,
				EAAC656B25CA4DF70065A360 /* ViewController.swift in Sources */,
				EAAC656725CA4DF70065A360 /* AppDelegate.swift in Sources */,
			);
			runOnlyForDeploymentPostprocessing = 0;
		};
/* End PBXSourcesBuildPhase section */

/* Begin PBXVariantGroup section */
		EAAC656C25CA4DF70065A360 /* Main.storyboard */ = {
			isa = PBXVariantGroup;
			children = (
				EAAC656D25CA4DF70065A360 /* Base */,
			);
			name = Main.storyboard;
			sourceTree = "<group>";
		};
		EAAC657125CA4DF80065A360 /* LaunchScreen.storyboard */ = {
			isa = PBXVariantGroup;
			children = (
				EAAC657225CA4DF80065A360 /* Base */,
			);
			name = LaunchScreen.storyboard;
			sourceTree = "<group>";
		};
/* End PBXVariantGroup section */

/* Begin XCBuildConfiguration section */
		EAAC657525CA4DF80065A360 /* Debug */ = {
			isa = XCBuildConfiguration;
			buildSettings = {
				ALWAYS_SEARCH_USER_PATHS = NO;
				CLANG_ANALYZER_NONNULL = YES;
				CLANG_ANALYZER_NUMBER_OBJECT_CONVERSION = YES_AGGRESSIVE;
				CLANG_CXX_LANGUAGE_STANDARD = "gnu++14";
				CLANG_CXX_LIBRARY = "libc++";
				CLANG_ENABLE_MODULES = YES;
				CLANG_ENABLE_OBJC_ARC = YES;
				CLANG_ENABLE_OBJC_WEAK = YES;
				CLANG_WARN_BLOCK_CAPTURE_AUTORELEASING = YES;
				CLANG_WARN_BOOL_CONVERSION = YES;
				CLANG_WARN_COMMA = YES;
				CLANG_WARN_CONSTANT_CONVERSION = YES;
				CLANG_WARN_DEPRECATED_OBJC_IMPLEMENTATIONS = YES;
				CLANG_WARN_DIRECT_OBJC_ISA_USAGE = YES_ERROR;
				CLANG_WARN_DOCUMENTATION_COMMENTS = YES;
				CLANG_WARN_EMPTY_BODY = YES;
				CLANG_WARN_ENUM_CONVERSION = YES;
				CLANG_WARN_INFINITE_RECURSION = YES;
				CLANG_WARN_INT_CONVERSION = YES;
				CLANG_WARN_NON_LITERAL_NULL_CONVERSION = YES;
				CLANG_WARN_OBJC_IMPLICIT_RETAIN_SELF = YES;
				CLANG_WARN_OBJC_LITERAL_CONVERSION = YES;
				CLANG_WARN_OBJC_ROOT_CLASS = YES_ERROR;
				CLANG_WARN_RANGE_LOOP_ANALYSIS = YES;
				CLANG_WARN_STRICT_PROTOTYPES = YES;
				CLANG_WARN_SUSPICIOUS_MOVE = YES;
				CLANG_WARN_UNGUARDED_AVAILABILITY = YES_AGGRESSIVE;
				CLANG_WARN_UNREACHABLE_CODE = YES;
				CLANG_WARN__DUPLICATE_METHOD_MATCH = YES;
				COPY_PHASE_STRIP = NO;
				DEBUG_INFORMATION_FORMAT = dwarf;
				ENABLE_STRICT_OBJC_MSGSEND = YES;
				ENABLE_TESTABILITY = YES;
				GCC_C_LANGUAGE_STANDARD = gnu11;
				GCC_DYNAMIC_NO_PIC = NO;
				GCC_NO_COMMON_BLOCKS = YES;
				GCC_OPTIMIZATION_LEVEL = 0;
				GCC_PREPROCESSOR_DEFINITIONS = (
					"DEBUG=1",
					"$(inherited)",
				);
				GCC_WARN_64_TO_32_BIT_CONVERSION = YES;
				GCC_WARN_ABOUT_RETURN_TYPE = YES_ERROR;
				GCC_WARN_UNDECLARED_SELECTOR = YES;
				GCC_WARN_UNINITIALIZED_AUTOS = YES_AGGRESSIVE;
				GCC_WARN_UNUSED_FUNCTION = YES;
				GCC_WARN_UNUSED_VARIABLE = YES;
				IPHONEOS_DEPLOYMENT_TARGET = 13.2;
				MTL_ENABLE_DEBUG_INFO = INCLUDE_SOURCE;
				MTL_FAST_MATH = YES;
				ONLY_ACTIVE_ARCH = YES;
				SDKROOT = iphoneos;
				SWIFT_ACTIVE_COMPILATION_CONDITIONS = DEBUG;
				SWIFT_OPTIMIZATION_LEVEL = "-Onone";
			};
			name = Debug;
		};
		EAAC657625CA4DF80065A360 /* Release */ = {
			isa = XCBuildConfiguration;
			buildSettings = {
				ALWAYS_SEARCH_USER_PATHS = NO;
				CLANG_ANALYZER_NONNULL = YES;
				CLANG_ANALYZER_NUMBER_OBJECT_CONVERSION = YES_AGGRESSIVE;
				CLANG_CXX_LANGUAGE_STANDARD = "gnu++14";
				CLANG_CXX_LIBRARY = "libc++";
				CLANG_ENABLE_MODULES = YES;
				CLANG_ENABLE_OBJC_ARC = YES;
				CLANG_ENABLE_OBJC_WEAK = YES;
				CLANG_WARN_BLOCK_CAPTURE_AUTORELEASING = YES;
				CLANG_WARN_BOOL_CONVERSION = YES;
				CLANG_WARN_COMMA = YES;
				CLANG_WARN_CONSTANT_CONVERSION = YES;
				CLANG_WARN_DEPRECATED_OBJC_IMPLEMENTATIONS = YES;
				CLANG_WARN_DIRECT_OBJC_ISA_USAGE = YES_ERROR;
				CLANG_WARN_DOCUMENTATION_COMMENTS = YES;
				CLANG_WARN_EMPTY_BODY = YES;
				CLANG_WARN_ENUM_CONVERSION = YES;
				CLANG_WARN_INFINITE_RECURSION = YES;
				CLANG_WARN_INT_CONVERSION = YES;
				CLANG_WARN_NON_LITERAL_NULL_CONVERSION = YES;
				CLANG_WARN_OBJC_IMPLICIT_RETAIN_SELF = YES;
				CLANG_WARN_OBJC_LITERAL_CONVERSION = YES;
				CLANG_WARN_OBJC_ROOT_CLASS = YES_ERROR;
				CLANG_WARN_RANGE_LOOP_ANALYSIS = YES;
				CLANG_WARN_STRICT_PROTOTYPES = YES;
				CLANG_WARN_SUSPICIOUS_MOVE = YES;
				CLANG_WARN_UNGUARDED_AVAILABILITY = YES_AGGRESSIVE;
				CLANG_WARN_UNREACHABLE_CODE = YES;
				CLANG_WARN__DUPLICATE_METHOD_MATCH = YES;
				COPY_PHASE_STRIP = NO;
				DEBUG_INFORMATION_FORMAT = "dwarf-with-dsym";
				ENABLE_NS_ASSERTIONS = NO;
				ENABLE_STRICT_OBJC_MSGSEND = YES;
				GCC_C_LANGUAGE_STANDARD = gnu11;
				GCC_NO_COMMON_BLOCKS = YES;
				GCC_WARN_64_TO_32_BIT_CONVERSION = YES;
				GCC_WARN_ABOUT_RETURN_TYPE = YES_ERROR;
				GCC_WARN_UNDECLARED_SELECTOR = YES;
				GCC_WARN_UNINITIALIZED_AUTOS = YES_AGGRESSIVE;
				GCC_WARN_UNUSED_FUNCTION = YES;
				GCC_WARN_UNUSED_VARIABLE = YES;
				IPHONEOS_DEPLOYMENT_TARGET = 13.2;
				MTL_ENABLE_DEBUG_INFO = NO;
				MTL_FAST_MATH = YES;
				SDKROOT = iphoneos;
				SWIFT_COMPILATION_MODE = wholemodule;
				SWIFT_OPTIMIZATION_LEVEL = "-O";
				VALIDATE_PRODUCT = YES;
			};
			name = Release;
		};
		EAAC657825CA4DF80065A360 /* Debug */ = {
			isa = XCBuildConfiguration;
			buildSettings = {
				ASSETCATALOG_COMPILER_APPICON_NAME = AppIcon;
				CODE_SIGN_ENTITLEMENTS = BluetoothDeviceSample/BluetoothDeviceSample.entitlements;
				CODE_SIGN_STYLE = Automatic;
				DERIVE_MACCATALYST_PRODUCT_BUNDLE_IDENTIFIER = YES;
				DEVELOPMENT_TEAM = "";
				INFOPLIST_FILE = BluetoothDeviceSample/Info.plist;
				IPHONEOS_DEPLOYMENT_TARGET = 12.0;
				LD_RUNPATH_SEARCH_PATHS = (
					"$(inherited)",
					"@executable_path/Frameworks",
				);
				PRODUCT_BUNDLE_IDENTIFIER = example.com.BluetoothDeviceSample;
				PRODUCT_NAME = "$(TARGET_NAME)";
				SUPPORTS_MACCATALYST = YES;
				SWIFT_VERSION = 5.0;
				TARGETED_DEVICE_FAMILY = "1,2";
			};
			name = Debug;
		};
		EAAC657925CA4DF80065A360 /* Release */ = {
			isa = XCBuildConfiguration;
			buildSettings = {
				ASSETCATALOG_COMPILER_APPICON_NAME = AppIcon;
				CODE_SIGN_ENTITLEMENTS = BluetoothDeviceSample/BluetoothDeviceSample.entitlements;
				CODE_SIGN_STYLE = Automatic;
				DERIVE_MACCATALYST_PRODUCT_BUNDLE_IDENTIFIER = YES;
				DEVELOPMENT_TEAM = "";
				INFOPLIST_FILE = BluetoothDeviceSample/Info.plist;
				IPHONEOS_DEPLOYMENT_TARGET = 12.0;
				LD_RUNPATH_SEARCH_PATHS = (
					"$(inherited)",
					"@executable_path/Frameworks",
				);
				PRODUCT_BUNDLE_IDENTIFIER = example.com.BluetoothDeviceSample;
				PRODUCT_NAME = "$(TARGET_NAME)";
				SUPPORTS_MACCATALYST = YES;
				SWIFT_VERSION = 5.0;
				TARGETED_DEVICE_FAMILY = "1,2";
			};
			name = Release;
		};
/* End XCBuildConfiguration section */

/* Begin XCConfigurationList section */
		EAAC655E25CA4DF70065A360 /* Build configuration list for PBXProject "BluetoothDeviceSample" */ = {
			isa = XCConfigurationList;
			buildConfigurations = (
				EAAC657525CA4DF80065A360 /* Debug */,
				EAAC657625CA4DF80065A360 /* Release */,
			);
			defaultConfigurationIsVisible = 0;
			defaultConfigurationName = Release;
		};
		EAAC657725CA4DF80065A360 /* Build configuration list for PBXNativeTarget "BluetoothDeviceSample" */ = {
			isa = XCConfigurationList;
			buildConfigurations = (
				EAAC657825CA4DF80065A360 /* Debug */,
				EAAC657925CA4DF80065A360 /* Release */,
			);
			defaultConfigurationIsVisible = 0;
			defaultConfigurationName = Release;
		};
/* End XCConfigurationList section */
	};
	rootObject = EAAC655B25CA4DF70065A360 /* Project object */;
}
